// !$*UTF8*$!
{
	archiveVersion = 1;
	classes = {
	};
	objectVersion = 46;
	objects = {

/* Begin PBXBuildFile section */
		6478411418FD2A9C00E14425 /* Foundation.framework in Frameworks */ = {isa = PBXBuildFile; fileRef = 6478411318FD2A9C00E14425 /* Foundation.framework */; };
		6478411618FD2A9C00E14425 /* CoreGraphics.framework in Frameworks */ = {isa = PBXBuildFile; fileRef = 6478411518FD2A9C00E14425 /* CoreGraphics.framework */; };
		6478411818FD2A9C00E14425 /* UIKit.framework in Frameworks */ = {isa = PBXBuildFile; fileRef = 6478411718FD2A9C00E14425 /* UIKit.framework */; };
		6478411E18FD2A9C00E14425 /* InfoPlist.strings in Resources */ = {isa = PBXBuildFile; fileRef = 6478411C18FD2A9C00E14425 /* InfoPlist.strings */; };
		6478412018FD2A9C00E14425 /* main.m in Sources */ = {isa = PBXBuildFile; fileRef = 6478411F18FD2A9C00E14425 /* main.m */; };
		6478412418FD2A9C00E14425 /* AppDelegate.m in Sources */ = {isa = PBXBuildFile; fileRef = 6478412318FD2A9C00E14425 /* AppDelegate.m */; };
		6478412718FD2A9C00E14425 /* Main_iPhone.storyboard in Resources */ = {isa = PBXBuildFile; fileRef = 6478412518FD2A9C00E14425 /* Main_iPhone.storyboard */; };
		6478412A18FD2A9C00E14425 /* Main_iPad.storyboard in Resources */ = {isa = PBXBuildFile; fileRef = 6478412818FD2A9C00E14425 /* Main_iPad.storyboard */; };
		6478412D18FD2A9C00E14425 /* ViewController.m in Sources */ = {isa = PBXBuildFile; fileRef = 6478412C18FD2A9C00E14425 /* ViewController.m */; };
		6478412F18FD2A9C00E14425 /* Images.xcassets in Resources */ = {isa = PBXBuildFile; fileRef = 6478412E18FD2A9C00E14425 /* Images.xcassets */; };
		6478413618FD2A9C00E14425 /* XCTest.framework in Frameworks */ = {isa = PBXBuildFile; fileRef = 6478413518FD2A9C00E14425 /* XCTest.framework */; };
		6478413718FD2A9C00E14425 /* Foundation.framework in Frameworks */ = {isa = PBXBuildFile; fileRef = 6478411318FD2A9C00E14425 /* Foundation.framework */; };
		6478413818FD2A9C00E14425 /* UIKit.framework in Frameworks */ = {isa = PBXBuildFile; fileRef = 6478411718FD2A9C00E14425 /* UIKit.framework */; };
		6478414018FD2A9C00E14425 /* InfoPlist.strings in Resources */ = {isa = PBXBuildFile; fileRef = 6478413E18FD2A9C00E14425 /* InfoPlist.strings */; };
		6478414218FD2A9C00E14425 /* DemoSpinTests.m in Sources */ = {isa = PBXBuildFile; fileRef = 6478414118FD2A9C00E14425 /* DemoSpinTests.m */; };
/* End PBXBuildFile section */

/* Begin PBXContainerItemProxy section */
		6478413918FD2A9C00E14425 /* PBXContainerItemProxy */ = {
			isa = PBXContainerItemProxy;
			containerPortal = 6478410818FD2A9C00E14425 /* Project object */;
			proxyType = 1;
			remoteGlobalIDString = 6478410F18FD2A9C00E14425;
			remoteInfo = DemoSpin;
		};
/* End PBXContainerItemProxy section */

/* Begin PBXFileReference section */
		6478411018FD2A9C00E14425 /* DemoSpin.app */ = {isa = PBXFileReference; explicitFileType = wrapper.application; includeInIndex = 0; path = DemoSpin.app; sourceTree = BUILT_PRODUCTS_DIR; };
		6478411318FD2A9C00E14425 /* Foundation.framework */ = {isa = PBXFileReference; lastKnownFileType = wrapper.framework; name = Foundation.framework; path = System/Library/Frameworks/Foundation.framework; sourceTree = SDKROOT; };
		6478411518FD2A9C00E14425 /* CoreGraphics.framework */ = {isa = PBXFileReference; lastKnownFileType = wrapper.framework; name = CoreGraphics.framework; path = System/Library/Frameworks/CoreGraphics.framework; sourceTree = SDKROOT; };
		6478411718FD2A9C00E14425 /* UIKit.framework */ = {isa = PBXFileReference; lastKnownFileType = wrapper.framework; name = UIKit.framework; path = System/Library/Frameworks/UIKit.framework; sourceTree = SDKROOT; };
		6478411B18FD2A9C00E14425 /* DemoSpin-Info.plist */ = {isa = PBXFileReference; lastKnownFileType = text.plist.xml; path = "DemoSpin-Info.plist"; sourceTree = "<group>"; };
		6478411D18FD2A9C00E14425 /* en */ = {isa = PBXFileReference; lastKnownFileType = text.plist.strings; name = en; path = en.lproj/InfoPlist.strings; sourceTree = "<group>"; };
		6478411F18FD2A9C00E14425 /* main.m */ = {isa = PBXFileReference; lastKnownFileType = sourcecode.c.objc; path = main.m; sourceTree = "<group>"; };
		6478412118FD2A9C00E14425 /* DemoSpin-Prefix.pch */ = {isa = PBXFileReference; lastKnownFileType = sourcecode.c.h; path = "DemoSpin-Prefix.pch"; sourceTree = "<group>"; };
		6478412218FD2A9C00E14425 /* AppDelegate.h */ = {isa = PBXFileReference; lastKnownFileType = sourcecode.c.h; path = AppDelegate.h; sourceTree = "<group>"; };
		6478412318FD2A9C00E14425 /* AppDelegate.m */ = {isa = PBXFileReference; lastKnownFileType = sourcecode.c.objc; path = AppDelegate.m; sourceTree = "<group>"; };
		6478412618FD2A9C00E14425 /* Base */ = {isa = PBXFileReference; lastKnownFileType = file.storyboard; name = Base; path = Base.lproj/Main_iPhone.storyboard; sourceTree = "<group>"; };
		6478412918FD2A9C00E14425 /* Base */ = {isa = PBXFileReference; lastKnownFileType = file.storyboard; name = Base; path = Base.lproj/Main_iPad.storyboard; sourceTree = "<group>"; };
		6478412B18FD2A9C00E14425 /* ViewController.h */ = {isa = PBXFileReference; lastKnownFileType = sourcecode.c.h; path = ViewController.h; sourceTree = "<group>"; };
		6478412C18FD2A9C00E14425 /* ViewController.m */ = {isa = PBXFileReference; lastKnownFileType = sourcecode.c.objc; path = ViewController.m; sourceTree = "<group>"; };
		6478412E18FD2A9C00E14425 /* Images.xcassets */ = {isa = PBXFileReference; lastKnownFileType = folder.assetcatalog; path = Images.xcassets; sourceTree = "<group>"; };
		6478413418FD2A9C00E14425 /* DemoSpinTests.xctest */ = {isa = PBXFileReference; explicitFileType = wrapper.cfbundle; includeInIndex = 0; path = DemoSpinTests.xctest; sourceTree = BUILT_PRODUCTS_DIR; };
		6478413518FD2A9C00E14425 /* XCTest.framework */ = {isa = PBXFileReference; lastKnownFileType = wrapper.framework; name = XCTest.framework; path = Library/Frameworks/XCTest.framework; sourceTree = DEVELOPER_DIR; };
		6478413D18FD2A9C00E14425 /* DemoSpinTests-Info.plist */ = {isa = PBXFileReference; lastKnownFileType = text.plist.xml; path = "DemoSpinTests-Info.plist"; sourceTree = "<group>"; };
		6478413F18FD2A9C00E14425 /* en */ = {isa = PBXFileReference; lastKnownFileType = text.plist.strings; name = en; path = en.lproj/InfoPlist.strings; sourceTree = "<group>"; };
		6478414118FD2A9C00E14425 /* DemoSpinTests.m */ = {isa = PBXFileReference; lastKnownFileType = sourcecode.c.objc; path = DemoSpinTests.m; sourceTree = "<group>"; };
/* End PBXFileReference section */

/* Begin PBXFrameworksBuildPhase section */
		6478410D18FD2A9C00E14425 /* Frameworks */ = {
			isa = PBXFrameworksBuildPhase;
			buildActionMask = 2147483647;
			files = (
				6478411618FD2A9C00E14425 /* CoreGraphics.framework in Frameworks */,
				6478411818FD2A9C00E14425 /* UIKit.framework in Frameworks */,
				6478411418FD2A9C00E14425 /* Foundation.framework in Frameworks */,
			);
			runOnlyForDeploymentPostprocessing = 0;
		};
		6478413118FD2A9C00E14425 /* Frameworks */ = {
			isa = PBXFrameworksBuildPhase;
			buildActionMask = 2147483647;
			files = (
				6478413618FD2A9C00E14425 /* XCTest.framework in Frameworks */,
				6478413818FD2A9C00E14425 /* UIKit.framework in Frameworks */,
				6478413718FD2A9C00E14425 /* Foundation.framework in Frameworks */,
			);
			runOnlyForDeploymentPostprocessing = 0;
		};
/* End PBXFrameworksBuildPhase section */

/* Begin PBXGroup section */
		6478410718FD2A9C00E14425 = {
			isa = PBXGroup;
			children = (
				6478411918FD2A9C00E14425 /* DemoSpin */,
				6478413B18FD2A9C00E14425 /* DemoSpinTests */,
				6478411218FD2A9C00E14425 /* Frameworks */,
				6478411118FD2A9C00E14425 /* Products */,
			);
			sourceTree = "<group>";
		};
		6478411118FD2A9C00E14425 /* Products */ = {
			isa = PBXGroup;
			children = (
				6478411018FD2A9C00E14425 /* DemoSpin.app */,
				6478413418FD2A9C00E14425 /* DemoSpinTests.xctest */,
			);
			name = Products;
			sourceTree = "<group>";
		};
		6478411218FD2A9C00E14425 /* Frameworks */ = {
			isa = PBXGroup;
			children = (
				6478411318FD2A9C00E14425 /* Foundation.framework */,
				6478411518FD2A9C00E14425 /* CoreGraphics.framework */,
				6478411718FD2A9C00E14425 /* UIKit.framework */,
				6478413518FD2A9C00E14425 /* XCTest.framework */,
			);
			name = Frameworks;
			sourceTree = "<group>";
		};
		6478411918FD2A9C00E14425 /* DemoSpin */ = {
			isa = PBXGroup;
			children = (
				6478412218FD2A9C00E14425 /* AppDelegate.h */,
				6478412318FD2A9C00E14425 /* AppDelegate.m */,
				6478412518FD2A9C00E14425 /* Main_iPhone.storyboard */,
				6478412818FD2A9C00E14425 /* Main_iPad.storyboard */,
				6478412B18FD2A9C00E14425 /* ViewController.h */,
				6478412C18FD2A9C00E14425 /* ViewController.m */,
				6478412E18FD2A9C00E14425 /* Images.xcassets */,
				6478411A18FD2A9C00E14425 /* Supporting Files */,
			);
			path = DemoSpin;
			sourceTree = "<group>";
		};
		6478411A18FD2A9C00E14425 /* Supporting Files */ = {
			isa = PBXGroup;
			children = (
				6478411B18FD2A9C00E14425 /* DemoSpin-Info.plist */,
				6478411C18FD2A9C00E14425 /* InfoPlist.strings */,
				6478411F18FD2A9C00E14425 /* main.m */,
				6478412118FD2A9C00E14425 /* DemoSpin-Prefix.pch */,
			);
			name = "Supporting Files";
			sourceTree = "<group>";
		};
		6478413B18FD2A9C00E14425 /* DemoSpinTests */ = {
			isa = PBXGroup;
			children = (
				6478414118FD2A9C00E14425 /* DemoSpinTests.m */,
				6478413C18FD2A9C00E14425 /* Supporting Files */,
			);
			path = DemoSpinTests;
			sourceTree = "<group>";
		};
		6478413C18FD2A9C00E14425 /* Supporting Files */ = {
			isa = PBXGroup;
			children = (
				6478413D18FD2A9C00E14425 /* DemoSpinTests-Info.plist */,
				6478413E18FD2A9C00E14425 /* InfoPlist.strings */,
			);
			name = "Supporting Files";
			sourceTree = "<group>";
		};
/* End PBXGroup section */

/* Begin PBXNativeTarget section */
		6478410F18FD2A9C00E14425 /* DemoSpin */ = {
			isa = PBXNativeTarget;
			buildConfigurationList = 6478414518FD2A9C00E14425 /* Build configuration list for PBXNativeTarget "DemoSpin" */;
			buildPhases = (
				6478410C18FD2A9C00E14425 /* Sources */,
				6478410D18FD2A9C00E14425 /* Frameworks */,
				6478410E18FD2A9C00E14425 /* Resources */,
			);
			buildRules = (
			);
			dependencies = (
			);
			name = DemoSpin;
			productName = DemoSpin;
			productReference = 6478411018FD2A9C00E14425 /* DemoSpin.app */;
			productType = "com.apple.product-type.application";
		};
		6478413318FD2A9C00E14425 /* DemoSpinTests */ = {
			isa = PBXNativeTarget;
			buildConfigurationList = 6478414818FD2A9C00E14425 /* Build configuration list for PBXNativeTarget "DemoSpinTests" */;
			buildPhases = (
				6478413018FD2A9C00E14425 /* Sources */,
				6478413118FD2A9C00E14425 /* Frameworks */,
				6478413218FD2A9C00E14425 /* Resources */,
			);
			buildRules = (
			);
			dependencies = (
				6478413A18FD2A9C00E14425 /* PBXTargetDependency */,
			);
			name = DemoSpinTests;
			productName = DemoSpinTests;
			productReference = 6478413418FD2A9C00E14425 /* DemoSpinTests.xctest */;
			productType = "com.apple.product-type.bundle.unit-test";
		};
/* End PBXNativeTarget section */

/* Begin PBXProject section */
		6478410818FD2A9C00E14425 /* Project object */ = {
			isa = PBXProject;
			attributes = {
				LastUpgradeCheck = 0500;
				ORGANIZATIONNAME = "Sandeep Saurabh";
				TargetAttributes = {
					6478413318FD2A9C00E14425 = {
						TestTargetID = 6478410F18FD2A9C00E14425;
					};
				};
			};
			buildConfigurationList = 6478410B18FD2A9C00E14425 /* Build configuration list for PBXProject "DemoSpin" */;
			compatibilityVersion = "Xcode 3.2";
			developmentRegion = English;
			hasScannedForEncodings = 0;
			knownRegions = (
				en,
				Base,
			);
			mainGroup = 6478410718FD2A9C00E14425;
			productRefGroup = 6478411118FD2A9C00E14425 /* Products */;
			projectDirPath = "";
			projectRoot = "";
			targets = (
				6478410F18FD2A9C00E14425 /* DemoSpin */,
				6478413318FD2A9C00E14425 /* DemoSpinTests */,
			);
		};
/* End PBXProject section */

/* Begin PBXResourcesBuildPhase section */
		6478410E18FD2A9C00E14425 /* Resources */ = {
			isa = PBXResourcesBuildPhase;
			buildActionMask = 2147483647;
			files = (
				6478412A18FD2A9C00E14425 /* Main_iPad.storyboard in Resources */,
				6478412F18FD2A9C00E14425 /* Images.xcassets in Resources */,
				6478412718FD2A9C00E14425 /* Main_iPhone.storyboard in Resources */,
				6478411E18FD2A9C00E14425 /* InfoPlist.strings in Resources */,
			);
			runOnlyForDeploymentPostprocessing = 0;
		};
		6478413218FD2A9C00E14425 /* Resources */ = {
			isa = PBXResourcesBuildPhase;
			buildActionMask = 2147483647;
			files = (
				6478414018FD2A9C00E14425 /* InfoPlist.strings in Resources */,
			);
			runOnlyForDeploymentPostprocessing = 0;
		};
/* End PBXResourcesBuildPhase section */

/* Begin PBXSourcesBuildPhase section */
		6478410C18FD2A9C00E14425 /* Sources */ = {
			isa = PBXSourcesBuildPhase;
			buildActionMask = 2147483647;
			files = (
				6478412D18FD2A9C00E14425 /* ViewController.m in Sources */,
				6478412418FD2A9C00E14425 /* AppDelegate.m in Sources */,
				6478412018FD2A9C00E14425 /* main.m in Sources */,
			);
			runOnlyForDeploymentPostprocessing = 0;
		};
		6478413018FD2A9C00E14425 /* Sources */ = {
			isa = PBXSourcesBuildPhase;
			buildActionMask = 2147483647;
			files = (
				6478414218FD2A9C00E14425 /* DemoSpinTests.m in Sources */,
			);
			runOnlyForDeploymentPostprocessing = 0;
		};
/* End PBXSourcesBuildPhase section */

/* Begin PBXTargetDependency section */
		6478413A18FD2A9C00E14425 /* PBXTargetDependency */ = {
			isa = PBXTargetDependency;
			target = 6478410F18FD2A9C00E14425 /* DemoSpin */;
			targetProxy = 6478413918FD2A9C00E14425 /* PBXContainerItemProxy */;
		};
/* End PBXTargetDependency section */

/* Begin PBXVariantGroup section */
		6478411C18FD2A9C00E14425 /* InfoPlist.strings */ = {
			isa = PBXVariantGroup;
			children = (
				6478411D18FD2A9C00E14425 /* en */,
			);
			name = InfoPlist.strings;
			sourceTree = "<group>";
		};
		6478412518FD2A9C00E14425 /* Main_iPhone.storyboard */ = {
			isa = PBXVariantGroup;
			children = (
				6478412618FD2A9C00E14425 /* Base */,
			);
			name = Main_iPhone.storyboard;
			sourceTree = "<group>";
		};
		6478412818FD2A9C00E14425 /* Main_iPad.storyboard */ = {
			isa = PBXVariantGroup;
			children = (
				6478412918FD2A9C00E14425 /* Base */,
			);
			name = Main_iPad.storyboard;
			sourceTree = "<group>";
		};
		6478413E18FD2A9C00E14425 /* InfoPlist.strings */ = {
			isa = PBXVariantGroup;
			children = (
				6478413F18FD2A9C00E14425 /* en */,
			);
			name = InfoPlist.strings;
			sourceTree = "<group>";
		};
/* End PBXVariantGroup section */

/* Begin XCBuildConfiguration section */
		6478414318FD2A9C00E14425 /* Debug */ = {
			isa = XCBuildConfiguration;
			buildSettings = {
				ALWAYS_SEARCH_USER_PATHS = NO;
				ARCHS = "$(ARCHS_STANDARD_INCLUDING_64_BIT)";
				CLANG_CXX_LANGUAGE_STANDARD = "gnu++0x";
				CLANG_CXX_LIBRARY = "libc++";
				CLANG_ENABLE_MODULES = YES;
				CLANG_ENABLE_OBJC_ARC = YES;
				CLANG_WARN_BOOL_CONVERSION = YES;
				CLANG_WARN_CONSTANT_CONVERSION = YES;
				CLANG_WARN_DIRECT_OBJC_ISA_USAGE = YES_ERROR;
				CLANG_WARN_EMPTY_BODY = YES;
				CLANG_WARN_ENUM_CONVERSION = YES;
				CLANG_WARN_INT_CONVERSION = YES;
				CLANG_WARN_OBJC_ROOT_CLASS = YES_ERROR;
				CLANG_WARN__DUPLICATE_METHOD_MATCH = YES;
				"CODE_SIGN_IDENTITY[sdk=iphoneos*]" = "iPhone Developer";
				COPY_PHASE_STRIP = NO;
				GCC_C_LANGUAGE_STANDARD = gnu99;
				GCC_DYNAMIC_NO_PIC = NO;
				GCC_OPTIMIZATION_LEVEL = 0;
				GCC_PREPROCESSOR_DEFINITIONS = (
					"DEBUG=1",
					"$(inherited)",
				);
				GCC_SYMBOLS_PRIVATE_EXTERN = NO;
				GCC_WARN_64_TO_32_BIT_CONVERSION = YES;
				GCC_WARN_ABOUT_RETURN_TYPE = YES_ERROR;
				GCC_WARN_UNDECLARED_SELECTOR = YES;
				GCC_WARN_UNINITIALIZED_AUTOS = YES;
				GCC_WARN_UNUSED_FUNCTION = YES;
				GCC_WARN_UNUSED_VARIABLE = YES;
				IPHONEOS_DEPLOYMENT_TARGET = 7.0;
				ONLY_ACTIVE_ARCH = YES;
				SDKROOT = iphoneos;
				TARGETED_DEVICE_FAMILY = "1,2";
			};
			name = Debug;
		};
		6478414418FD2A9C00E14425 /* Release */ = {
			isa = XCBuildConfiguration;
			buildSettings = {
				ALWAYS_SEARCH_USER_PATHS = NO;
				ARCHS = "$(ARCHS_STANDARD_INCLUDING_64_BIT)";
				CLANG_CXX_LANGUAGE_STANDARD = "gnu++0x";
				CLANG_CXX_LIBRARY = "libc++";
				CLANG_ENABLE_MODULES = YES;
				CLANG_ENABLE_OBJC_ARC = YES;
				CLANG_WARN_BOOL_CONVERSION = YES;
				CLANG_WARN_CONSTANT_CONVERSION = YES;
				CLANG_WARN_DIRECT_OBJC_ISA_USAGE = YES_ERROR;
				CLANG_WARN_EMPTY_BODY = YES;
				CLANG_WARN_ENUM_CONVERSION = YES;
				CLANG_WARN_INT_CONVERSION = YES;
				CLANG_WARN_OBJC_ROOT_CLASS = YES_ERROR;
				CLANG_WARN__DUPLICATE_METHOD_MATCH = YES;
				"CODE_SIGN_IDENTITY[sdk=iphoneos*]" = "iPhone Developer";
				COPY_PHASE_STRIP = YES;
				ENABLE_NS_ASSERTIONS = NO;
				GCC_C_LANGUAGE_STANDARD = gnu99;
				GCC_WARN_64_TO_32_BIT_CONVERSION = YES;
				GCC_WARN_ABOUT_RETURN_TYPE = YES_ERROR;
				GCC_WARN_UNDECLARED_SELECTOR = YES;
				GCC_WARN_UNINITIALIZED_AUTOS = YES;
				GCC_WARN_UNUSED_FUNCTION = YES;
				GCC_WARN_UNUSED_VARIABLE = YES;
				IPHONEOS_DEPLOYMENT_TARGET = 7.0;
				SDKROOT = iphoneos;
				TARGETED_DEVICE_FAMILY = "1,2";
				VALIDATE_PRODUCT = YES;
			};
			name = Release;
		};
		6478414618FD2A9C00E14425 /* Debug */ = {
			isa = XCBuildConfiguration;
			buildSettings = {
				ASSETCATALOG_COMPILER_APPICON_NAME = AppIcon;
				ASSETCATALOG_COMPILER_LAUNCHIMAGE_NAME = LaunchImage;
				GCC_PRECOMPILE_PREFIX_HEADER = YES;
				GCC_PREFIX_HEADER = "DemoSpin/DemoSpin-Prefix.pch";
				INFOPLIST_FILE = "DemoSpin/DemoSpin-Info.plist";
				PRODUCT_NAME = "$(TARGET_NAME)";
				WRAPPER_EXTENSION = app;
			};
			name = Debug;
		};
		6478414718FD2A9C00E14425 /* Release */ = {
			isa = XCBuildConfiguration;
			buildSettings = {
				ASSETCATALOG_COMPILER_APPICON_NAME = AppIcon;
				ASSETCATALOG_COMPILER_LAUNCHIMAGE_NAME = LaunchImage;
				GCC_PRECOMPILE_PREFIX_HEADER = YES;
				GCC_PREFIX_HEADER = "DemoSpin/DemoSpin-Prefix.pch";
				INFOPLIST_FILE = "DemoSpin/DemoSpin-Info.plist";
				PRODUCT_NAME = "$(TARGET_NAME)";
				WRAPPER_EXTENSION = app;
			};
			name = Release;
		};
		6478414918FD2A9C00E14425 /* Debug */ = {
			isa = XCBuildConfiguration;
			buildSettings = {
				ARCHS = "$(ARCHS_STANDARD_INCLUDING_64_BIT)";
				BUNDLE_LOADER = "$(BUILT_PRODUCTS_DIR)/DemoSpin.app/DemoSpin";
				FRAMEWORK_SEARCH_PATHS = (
					"$(SDKROOT)/Developer/Library/Frameworks",
					"$(inherited)",
					"$(DEVELOPER_FRAMEWORKS_DIR)",
				);
				GCC_PRECOMPILE_PREFIX_HEADER = YES;
				GCC_PREFIX_HEADER = "DemoSpin/DemoSpin-Prefix.pch";
				GCC_PREPROCESSOR_DEFINITIONS = (
					"DEBUG=1",
					"$(inherited)",
				);
				INFOPLIST_FILE = "DemoSpinTests/DemoSpinTests-Info.plist";
				PRODUCT_NAME = "$(TARGET_NAME)";
				TEST_HOST = "$(BUNDLE_LOADER)";
				WRAPPER_EXTENSION = xctest;
			};
			name = Debug;
		};
		6478414A18FD2A9C00E14425 /* Release */ = {
			isa = XCBuildConfiguration;
			buildSettings = {
				ARCHS = "$(ARCHS_STANDARD_INCLUDING_64_BIT)";
				BUNDLE_LOADER = "$(BUILT_PRODUCTS_DIR)/DemoSpin.app/DemoSpin";
				FRAMEWORK_SEARCH_PATHS = (
					"$(SDKROOT)/Developer/Library/Frameworks",
					"$(inherited)",
					"$(DEVELOPER_FRAMEWORKS_DIR)",
				);
				GCC_PRECOMPILE_PREFIX_HEADER = YES;
				GCC_PREFIX_HEADER = "DemoSpin/DemoSpin-Prefix.pch";
				INFOPLIST_FILE = "DemoSpinTests/DemoSpinTests-Info.plist";
				PRODUCT_NAME = "$(TARGET_NAME)";
				TEST_HOST = "$(BUNDLE_LOADER)";
				WRAPPER_EXTENSION = xctest;
			};
			name = Release;
		};
/* End XCBuildConfiguration section */

/* Begin XCConfigurationList section */
		6478410B18FD2A9C00E14425 /* Build configuration list for PBXProject "DemoSpin" */ = {
			isa = XCConfigurationList;
			buildConfigurations = (
				6478414318FD2A9C00E14425 /* Debug */,
				6478414418FD2A9C00E14425 /* Release */,
			);
			defaultConfigurationIsVisible = 0;
			defaultConfigurationName = Release;
		};
		6478414518FD2A9C00E14425 /* Build configuration list for PBXNativeTarget "DemoSpin" */ = {
			isa = XCConfigurationList;
			buildConfigurations = (
				6478414618FD2A9C00E14425 /* Debug */,
				6478414718FD2A9C00E14425 /* Release */,
			);
			defaultConfigurationIsVisible = 0;
		};
		6478414818FD2A9C00E14425 /* Build configuration list for PBXNativeTarget "DemoSpinTests" */ = {
			isa = XCConfigurationList;
			buildConfigurations = (
				6478414918FD2A9C00E14425 /* Debug */,
				6478414A18FD2A9C00E14425 /* Release */,
			);
			defaultConfigurationIsVisible = 0;
		};
/* End XCConfigurationList section */
	};
	rootObject = 6478410818FD2A9C00E14425 /* Project object */;
}
